
Microsoft Visual Studio Solution File, Format Version 12.00
# Visual Studio Version 16
VisualStudioVersion = 16.0.30907.101
MinimumVisualStudioVersion = 10.0.40219.1
Project("{FAE04EC0-301F-11D3-BF4B-00C04F79EFBC}") = "FrenchShopsApp", "FrenchShopsApp\FrenchShopsApp.csproj", "{DE2FAAF5-BCA9-4D10-AC25-C27CF20F7103}"
EndProject
Global
	GlobalSection(SolutionConfigurationPlatforms) = preSolution
		Debug|Any CPU = Debug|Any CPU
		Release|Any CPU = Release|Any CPU
	EndGlobalSection
	GlobalSection(ProjectConfigurationPlatforms) = postSolution
		{DE2FAAF5-BCA9-4D10-AC25-C27CF20F7103}.Debug|Any CPU.ActiveCfg = Debug|Any CPU
		{DE2FAAF5-BCA9-4D10-AC25-C27CF20F7103}.Debug|Any CPU.Build.0 = Debug|Any CPU
		{DE2FAAF5-BCA9-4D10-AC25-C27CF20F7103}.Release|Any CPU.ActiveCfg = Release|Any CPU
		{DE2FAAF5-BCA9-4D10-AC25-C27CF20F7103}.Release|Any CPU.Build.0 = Release|Any CPU
	EndGlobalSection
	GlobalSection(SolutionProperties) = preSolution
		HideSolutionNode = FALSE
	EndGlobalSection
	GlobalSection(ExtensibilityGlobals) = postSolution
		SolutionGuid = {95BE22C2-0D79-48AE-87AC-0F772627EDF7}
	EndGlobalSection
EndGlobal
